
Microsoft Visual Studio Solution File, Format Version 11.00
# Visual C# Express 2010
Project("{FAE04EC0-301F-11D3-BF4B-00C04F79EFBC}") = "DocEdit", "DocEdit.csproj", "{AAE62C2E-1349-41ED-A220-80F21BBE264C}"
EndProject
Project("{FAE04EC0-301F-11D3-BF4B-00C04F79EFBC}") = "CustomPBar", "..\PBar\CustomPBar.csproj", "{163E55EE-E003-4D8B-888B-0C80E2580173}"
EndProject
Global
	GlobalSection(SolutionConfigurationPlatforms) = preSolution
		Debug|Any CPU = Debug|Any CPU
		Debug|Mixed Platforms = Debug|Mixed Platforms
		Debug|x86 = Debug|x86
		Release|Any CPU = Release|Any CPU
		Release|Mixed Platforms = Release|Mixed Platforms
		Release|x86 = Release|x86
	EndGlobalSection
	GlobalSection(ProjectConfigurationPlatforms) = postSolution
		{AAE62C2E-1349-41ED-A220-80F21BBE264C}.Debug|Any CPU.ActiveCfg = Debug|x86
		{AAE62C2E-1349-41ED-A220-80F21BBE264C}.Debug|Mixed Platforms.ActiveCfg = Debug|x86
		{AAE62C2E-1349-41ED-A220-80F21BBE264C}.Debug|Mixed Platforms.Build.0 = Debug|x86
		{AAE62C2E-1349-41ED-A220-80F21BBE264C}.Debug|x86.ActiveCfg = Debug|x86
		{AAE62C2E-1349-41ED-A220-80F21BBE264C}.Debug|x86.Build.0 = Debug|x86
		{AAE62C2E-1349-41ED-A220-80F21BBE264C}.Release|Any CPU.ActiveCfg = Release|x86
		{AAE62C2E-1349-41ED-A220-80F21BBE264C}.Release|Mixed Platforms.ActiveCfg = Release|x86
		{AAE62C2E-1349-41ED-A220-80F21BBE264C}.Release|Mixed Platforms.Build.0 = Release|x86
		{AAE62C2E-1349-41ED-A220-80F21BBE264C}.Release|x86.ActiveCfg = Release|x86
		{AAE62C2E-1349-41ED-A220-80F21BBE264C}.Release|x86.Build.0 = Release|x86
		{163E55EE-E003-4D8B-888B-0C80E2580173}.Debug|Any CPU.ActiveCfg = Debug|Any CPU
		{163E55EE-E003-4D8B-888B-0C80E2580173}.Debug|Any CPU.Build.0 = Debug|Any CPU
		{163E55EE-E003-4D8B-888B-0C80E2580173}.Debug|Mixed Platforms.ActiveCfg = Debug|Any CPU
		{163E55EE-E003-4D8B-888B-0C80E2580173}.Debug|Mixed Platforms.Build.0 = Debug|Any CPU
		{163E55EE-E003-4D8B-888B-0C80E2580173}.Debug|x86.ActiveCfg = Debug|Any CPU
		{163E55EE-E003-4D8B-888B-0C80E2580173}.Release|Any CPU.ActiveCfg = Release|Any CPU
		{163E55EE-E003-4D8B-888B-0C80E2580173}.Release|Any CPU.Build.0 = Release|Any CPU
		{163E55EE-E003-4D8B-888B-0C80E2580173}.Release|Mixed Platforms.ActiveCfg = Release|Any CPU
		{163E55EE-E003-4D8B-888B-0C80E2580173}.Release|Mixed Platforms.Build.0 = Release|Any CPU
		{163E55EE-E003-4D8B-888B-0C80E2580173}.Release|x86.ActiveCfg = Release|Any CPU
	EndGlobalSection
	GlobalSection(SolutionProperties) = preSolution
		HideSolutionNode = FALSE
	EndGlobalSection
EndGlobal
